
Microsoft Visual Studio Solution File, Format Version 12.00
# Visual Studio Version 17
VisualStudioVersion = 17.8.34511.84
MinimumVisualStudioVersion = 10.0.40219.1
Project("{FAE04EC0-301F-11D3-BF4B-00C04F79EFBC}") = "GA_MethodOverloading_Hongfei", "GA_MethodOverloading_Hongfei.csproj", "{18605268-B362-4963-BF3D-8FB11B404196}"
EndProject
Global
	GlobalSection(SolutionConfigurationPlatforms) = preSolution
		Debug|Any CPU = Debug|Any CPU
		Release|Any CPU = Release|Any CPU
	EndGlobalSection
	GlobalSection(ProjectConfigurationPlatforms) = postSolution
		{18605268-B362-4963-BF3D-8FB11B404196}.Debug|Any CPU.ActiveCfg = Debug|Any CPU
		{18605268-B362-4963-BF3D-8FB11B404196}.Debug|Any CPU.Build.0 = Debug|Any CPU
		{18605268-B362-4963-BF3D-8FB11B404196}.Release|Any CPU.ActiveCfg = Release|Any CPU
		{18605268-B362-4963-BF3D-8FB11B404196}.Release|Any CPU.Build.0 = Release|Any CPU
	EndGlobalSection
	GlobalSection(SolutionProperties) = preSolution
		HideSolutionNode = FALSE
	EndGlobalSection
	GlobalSection(ExtensibilityGlobals) = postSolution
		SolutionGuid = {BD69E962-5893-4BBC-844B-D002692C1FB3}
	EndGlobalSection
EndGlobal
